{
  "name": "finalhomework",
  "version": "1.0.0",
  "lockfileVersion": 3,
  "requires": true,
  "packages": {
    "": {
      "name": "finalhomework",
      "version": "1.0.0",
      "license": "ISC",
      "dependencies": {
        "@fourdim/wechat-miniapp-qrcode": "^0.1.3"
      }
    },
    "node_modules/@fourdim/wechat-miniapp-qrcode": {
      "version": "0.1.3",
      "resolved": "https://registry.npmmirror.com/@fourdim/wechat-miniapp-qrcode/-/wechat-miniapp-qrcode-0.1.3.tgz",
      "integrity": "sha512-5XdgFfH9UJ6WbAZmqxEjxItSO4Nt9EaG+VMVnxo8vU/I73Pj8tf0h3tkzqQC9uvsDwAWtpbLCY3RkIO1iSVP0Q==",
      "license": "MIT"
    }
  }
}
